
Microsoft Visual Studio Solution File, Format Version 12.00
# Visual Studio Version 16
VisualStudioVersion = 16.0.31402.337
MinimumVisualStudioVersion = 10.0.40219.1
Project("{FAE04EC0-301F-11D3-BF4B-00C04F79EFBC}") = "VotingSistem", "VotingSistem.csproj", "{24472ABF-846C-4422-90E0-85AD401C072F}"
EndProject
Global
	GlobalSection(SolutionConfigurationPlatforms) = preSolution
		Debug|Any CPU = Debug|Any CPU
		Release|Any CPU = Release|Any CPU
	EndGlobalSection
	GlobalSection(ProjectConfigurationPlatforms) = postSolution
		{24472ABF-846C-4422-90E0-85AD401C072F}.Debug|Any CPU.ActiveCfg = Debug|Any CPU
		{24472ABF-846C-4422-90E0-85AD401C072F}.Debug|Any CPU.Build.0 = Debug|Any CPU
		{24472ABF-846C-4422-90E0-85AD401C072F}.Release|Any CPU.ActiveCfg = Release|Any CPU
		{24472ABF-846C-4422-90E0-85AD401C072F}.Release|Any CPU.Build.0 = Release|Any CPU
	EndGlobalSection
	GlobalSection(SolutionProperties) = preSolution
		HideSolutionNode = FALSE
	EndGlobalSection
	GlobalSection(ExtensibilityGlobals) = postSolution
		SolutionGuid = {AB0263A7-747E-45BC-A57B-0CADE5305EB8}
	EndGlobalSection
EndGlobal
